
Microsoft Visual Studio Solution File, Format Version 12.00
# Visual Studio 15
Project("{FAE04EC0-301F-11D3-BF4B-00C04F79EFBC}") = "RoadArchitect", "RoadArchitect.csproj", "{C02D1013-6CF2-30C2-15A2-D5398D4DE9C1}"
EndProject
Project("{FAE04EC0-301F-11D3-BF4B-00C04F79EFBC}") = "Assembly-CSharp", "Assembly-CSharp.csproj", "{43AE3B8A-6161-6B5F-886F-AD0ECF46F5AF}"
EndProject
Global
	GlobalSection(SolutionConfigurationPlatforms) = preSolution
		Debug|Any CPU = Debug|Any CPU
		Release|Any CPU = Release|Any CPU
	EndGlobalSection
	GlobalSection(ProjectConfigurationPlatforms) = postSolution
		{C02D1013-6CF2-30C2-15A2-D5398D4DE9C1}.Debug|Any CPU.ActiveCfg = Debug|Any CPU
		{C02D1013-6CF2-30C2-15A2-D5398D4DE9C1}.Debug|Any CPU.Build.0 = Debug|Any CPU
		{C02D1013-6CF2-30C2-15A2-D5398D4DE9C1}.Release|Any CPU.ActiveCfg = Release|Any CPU
		{C02D1013-6CF2-30C2-15A2-D5398D4DE9C1}.Release|Any CPU.Build.0 = Release|Any CPU
		{43AE3B8A-6161-6B5F-886F-AD0ECF46F5AF}.Debug|Any CPU.ActiveCfg = Debug|Any CPU
		{43AE3B8A-6161-6B5F-886F-AD0ECF46F5AF}.Debug|Any CPU.Build.0 = Debug|Any CPU
		{43AE3B8A-6161-6B5F-886F-AD0ECF46F5AF}.Release|Any CPU.ActiveCfg = Release|Any CPU
		{43AE3B8A-6161-6B5F-886F-AD0ECF46F5AF}.Release|Any CPU.Build.0 = Release|Any CPU
	EndGlobalSection
	GlobalSection(SolutionProperties) = preSolution
		HideSolutionNode = FALSE
	EndGlobalSection
EndGlobal
