
Microsoft Visual Studio Solution File, Format Version 12.00
# Visual Studio 15
Project("{FAE04EC0-301F-11D3-BF4B-00C04F79EFBC}") = "RoadArchitect", "RoadArchitect.csproj", "{62FBCB17-5EAC-2833-2235-E160987DEBD9}"
EndProject
Project("{FAE04EC0-301F-11D3-BF4B-00C04F79EFBC}") = "Assembly-CSharp", "Assembly-CSharp.csproj", "{E9F7B532-A99B-6E75-0C0A-52CCBD9489E4}"
EndProject
Global
	GlobalSection(SolutionConfigurationPlatforms) = preSolution
		Debug|Any CPU = Debug|Any CPU
		Release|Any CPU = Release|Any CPU
	EndGlobalSection
	GlobalSection(ProjectConfigurationPlatforms) = postSolution
		{62FBCB17-5EAC-2833-2235-E160987DEBD9}.Debug|Any CPU.ActiveCfg = Debug|Any CPU
		{62FBCB17-5EAC-2833-2235-E160987DEBD9}.Debug|Any CPU.Build.0 = Debug|Any CPU
		{62FBCB17-5EAC-2833-2235-E160987DEBD9}.Release|Any CPU.ActiveCfg = Release|Any CPU
		{62FBCB17-5EAC-2833-2235-E160987DEBD9}.Release|Any CPU.Build.0 = Release|Any CPU
		{E9F7B532-A99B-6E75-0C0A-52CCBD9489E4}.Debug|Any CPU.ActiveCfg = Debug|Any CPU
		{E9F7B532-A99B-6E75-0C0A-52CCBD9489E4}.Debug|Any CPU.Build.0 = Debug|Any CPU
		{E9F7B532-A99B-6E75-0C0A-52CCBD9489E4}.Release|Any CPU.ActiveCfg = Release|Any CPU
		{E9F7B532-A99B-6E75-0C0A-52CCBD9489E4}.Release|Any CPU.Build.0 = Release|Any CPU
	EndGlobalSection
	GlobalSection(SolutionProperties) = preSolution
		HideSolutionNode = FALSE
	EndGlobalSection
EndGlobal
